
Microsoft Visual Studio Solution File, Format Version 12.00
# Visual Studio Version 16
VisualStudioVersion = 16.0.31727.386
MinimumVisualStudioVersion = 10.0.40219.1
Project("{FAE04EC0-301F-11D3-BF4B-00C04F79EFBC}") = "Todos.Api", "Todos.Api\Todos.Api.csproj", "{AF6C909E-BF9F-425B-A38D-5D453B205967}"
EndProject
Global
	GlobalSection(SolutionConfigurationPlatforms) = preSolution
		Debug|Any CPU = Debug|Any CPU
		Release|Any CPU = Release|Any CPU
	EndGlobalSection
	GlobalSection(ProjectConfigurationPlatforms) = postSolution
		{AF6C909E-BF9F-425B-A38D-5D453B205967}.Debug|Any CPU.ActiveCfg = Debug|Any CPU
		{AF6C909E-BF9F-425B-A38D-5D453B205967}.Debug|Any CPU.Build.0 = Debug|Any CPU
		{AF6C909E-BF9F-425B-A38D-5D453B205967}.Release|Any CPU.ActiveCfg = Release|Any CPU
		{AF6C909E-BF9F-425B-A38D-5D453B205967}.Release|Any CPU.Build.0 = Release|Any CPU
	EndGlobalSection
	GlobalSection(SolutionProperties) = preSolution
		HideSolutionNode = FALSE
	EndGlobalSection
	GlobalSection(ExtensibilityGlobals) = postSolution
		SolutionGuid = {77F0A04A-C805-498D-A509-FB1645B6168E}
	EndGlobalSection
EndGlobal
